
Microsoft Visual Studio Solution File, Format Version 12.00
# Visual Studio 14
VisualStudioVersion = 14.0.23107.0
MinimumVisualStudioVersion = 10.0.40219.1
Project("{8BC9CEB8-8B4A-11D0-8D11-00A0C91BC942}") = "nunn", "nunn\nunn.vcxproj", "{E44C4C52-77B2-4B16-80CF-6D66F59D468F}"
EndProject
Project("{8BC9CEB8-8B4A-11D0-8D11-00A0C91BC942}") = "mnist", "mnist\mnist.vcxproj", "{BB402D5E-DECC-4A56-9187-D7536808CA94}"
	ProjectSection(ProjectDependencies) = postProject
		{E44C4C52-77B2-4B16-80CF-6D66F59D468F} = {E44C4C52-77B2-4B16-80CF-6D66F59D468F}
	EndProjectSection
EndProject
Project("{8BC9CEB8-8B4A-11D0-8D11-00A0C91BC942}") = "mnist_test", "mnist_test\mnist_test.vcxproj", "{FB71F354-BB62-413E-829C-A45FFF5DAA34}"
	ProjectSection(ProjectDependencies) = postProject
		{E44C4C52-77B2-4B16-80CF-6D66F59D468F} = {E44C4C52-77B2-4B16-80CF-6D66F59D468F}
		{BB402D5E-DECC-4A56-9187-D7536808CA94} = {BB402D5E-DECC-4A56-9187-D7536808CA94}
	EndProjectSection
EndProject
Project("{8BC9CEB8-8B4A-11D0-8D11-00A0C91BC942}") = "ocr_test", "ocr_test\ocr_test.vcxproj", "{EF52B110-FF72-4524-83B8-AD38FDA90F87}"
	ProjectSection(ProjectDependencies) = postProject
		{E44C4C52-77B2-4B16-80CF-6D66F59D468F} = {E44C4C52-77B2-4B16-80CF-6D66F59D468F}
		{BB402D5E-DECC-4A56-9187-D7536808CA94} = {BB402D5E-DECC-4A56-9187-D7536808CA94}
	EndProjectSection
EndProject
Project("{8BC9CEB8-8B4A-11D0-8D11-00A0C91BC942}") = "tictactoe", "tictactoe\tictactoe.vcxproj", "{AA1E5DA3-20A2-49F5-A27A-CF3C050FBCFC}"
	ProjectSection(ProjectDependencies) = postProject
		{E44C4C52-77B2-4B16-80CF-6D66F59D468F} = {E44C4C52-77B2-4B16-80CF-6D66F59D468F}
	EndProjectSection
EndProject
Project("{8BC9CEB8-8B4A-11D0-8D11-00A0C91BC942}") = "winttt", "winttt\winttt.vcxproj", "{25E164FA-06C1-4DA4-9657-48A1A31D5D69}"
	ProjectSection(ProjectDependencies) = postProject
		{E44C4C52-77B2-4B16-80CF-6D66F59D468F} = {E44C4C52-77B2-4B16-80CF-6D66F59D468F}
	EndProjectSection
EndProject
Project("{8BC9CEB8-8B4A-11D0-8D11-00A0C91BC942}") = "xor_test", "xor_test\xor_test.vcxproj", "{A88C4575-D641-4089-BD1C-E9CE99443755}"
	ProjectSection(ProjectDependencies) = postProject
		{E44C4C52-77B2-4B16-80CF-6D66F59D468F} = {E44C4C52-77B2-4B16-80CF-6D66F59D468F}
	EndProjectSection
EndProject
Project("{8BC9CEB8-8B4A-11D0-8D11-00A0C91BC942}") = "and_test", "and_test\and_test.vcxproj", "{FD34AD60-F177-4396-A917-E7C4FF81D4BA}"
	ProjectSection(ProjectDependencies) = postProject
		{E44C4C52-77B2-4B16-80CF-6D66F59D468F} = {E44C4C52-77B2-4B16-80CF-6D66F59D468F}
	EndProjectSection
EndProject
Project("{8BC9CEB8-8B4A-11D0-8D11-00A0C91BC942}") = "hopfield_test", "hopfield_test\hopfield_test.vcxproj", "{FB611738-A485-445A-88BD-9DCB3B94323B}"
	ProjectSection(ProjectDependencies) = postProject
		{E44C4C52-77B2-4B16-80CF-6D66F59D468F} = {E44C4C52-77B2-4B16-80CF-6D66F59D468F}
	EndProjectSection
EndProject
Global
	GlobalSection(SolutionConfigurationPlatforms) = preSolution
		Debug|Mixed Platforms = Debug|Mixed Platforms
		Debug|Win32 = Debug|Win32
		Debug|x64 = Debug|x64
		Debug64|Mixed Platforms = Debug64|Mixed Platforms
		Debug64|Win32 = Debug64|Win32
		Debug64|x64 = Debug64|x64
		Release|Mixed Platforms = Release|Mixed Platforms
		Release|Win32 = Release|Win32
		Release|x64 = Release|x64
		Release64|Mixed Platforms = Release64|Mixed Platforms
		Release64|Win32 = Release64|Win32
		Release64|x64 = Release64|x64
	EndGlobalSection
	GlobalSection(ProjectConfigurationPlatforms) = postSolution
		{E44C4C52-77B2-4B16-80CF-6D66F59D468F}.Debug|Mixed Platforms.ActiveCfg = Debug|Win32
		{E44C4C52-77B2-4B16-80CF-6D66F59D468F}.Debug|Mixed Platforms.Build.0 = Debug|Win32
		{E44C4C52-77B2-4B16-80CF-6D66F59D468F}.Debug|Win32.ActiveCfg = Debug|Win32
		{E44C4C52-77B2-4B16-80CF-6D66F59D468F}.Debug|Win32.Build.0 = Debug|Win32
		{E44C4C52-77B2-4B16-80CF-6D66F59D468F}.Debug|x64.ActiveCfg = Debug|x64
		{E44C4C52-77B2-4B16-80CF-6D66F59D468F}.Debug64|Mixed Platforms.ActiveCfg = Debug64|Win32
		{E44C4C52-77B2-4B16-80CF-6D66F59D468F}.Debug64|Mixed Platforms.Build.0 = Debug64|Win32
		{E44C4C52-77B2-4B16-80CF-6D66F59D468F}.Debug64|Win32.ActiveCfg = Debug64|Win32
		{E44C4C52-77B2-4B16-80CF-6D66F59D468F}.Debug64|Win32.Build.0 = Debug64|Win32
		{E44C4C52-77B2-4B16-80CF-6D66F59D468F}.Debug64|x64.ActiveCfg = Debug64|x64
		{E44C4C52-77B2-4B16-80CF-6D66F59D468F}.Debug64|x64.Build.0 = Debug64|x64
		{E44C4C52-77B2-4B16-80CF-6D66F59D468F}.Release|Mixed Platforms.ActiveCfg = Release|Win32
		{E44C4C52-77B2-4B16-80CF-6D66F59D468F}.Release|Mixed Platforms.Build.0 = Release|Win32
		{E44C4C52-77B2-4B16-80CF-6D66F59D468F}.Release|Win32.ActiveCfg = Release|Win32
		{E44C4C52-77B2-4B16-80CF-6D66F59D468F}.Release|Win32.Build.0 = Release|Win32
		{E44C4C52-77B2-4B16-80CF-6D66F59D468F}.Release|x64.ActiveCfg = Release|x64
		{E44C4C52-77B2-4B16-80CF-6D66F59D468F}.Release64|Mixed Platforms.ActiveCfg = Release64|Win32
		{E44C4C52-77B2-4B16-80CF-6D66F59D468F}.Release64|Mixed Platforms.Build.0 = Release64|Win32
		{E44C4C52-77B2-4B16-80CF-6D66F59D468F}.Release64|Win32.ActiveCfg = Release64|Win32
		{E44C4C52-77B2-4B16-80CF-6D66F59D468F}.Release64|Win32.Build.0 = Release64|Win32
		{E44C4C52-77B2-4B16-80CF-6D66F59D468F}.Release64|x64.ActiveCfg = Release64|x64
		{E44C4C52-77B2-4B16-80CF-6D66F59D468F}.Release64|x64.Build.0 = Release64|x64
		{BB402D5E-DECC-4A56-9187-D7536808CA94}.Debug|Mixed Platforms.ActiveCfg = Debug|Win32
		{BB402D5E-DECC-4A56-9187-D7536808CA94}.Debug|Mixed Platforms.Build.0 = Debug|Win32
		{BB402D5E-DECC-4A56-9187-D7536808CA94}.Debug|Win32.ActiveCfg = Debug|Win32
		{BB402D5E-DECC-4A56-9187-D7536808CA94}.Debug|Win32.Build.0 = Debug|Win32
		{BB402D5E-DECC-4A56-9187-D7536808CA94}.Debug|x64.ActiveCfg = Debug|x64
		{BB402D5E-DECC-4A56-9187-D7536808CA94}.Debug64|Mixed Platforms.ActiveCfg = Debug|Win32
		{BB402D5E-DECC-4A56-9187-D7536808CA94}.Debug64|Mixed Platforms.Build.0 = Debug|Win32
		{BB402D5E-DECC-4A56-9187-D7536808CA94}.Debug64|Win32.ActiveCfg = Debug|Win32
		{BB402D5E-DECC-4A56-9187-D7536808CA94}.Debug64|Win32.Build.0 = Debug|Win32
		{BB402D5E-DECC-4A56-9187-D7536808CA94}.Debug64|x64.ActiveCfg = Debug64|x64
		{BB402D5E-DECC-4A56-9187-D7536808CA94}.Debug64|x64.Build.0 = Debug64|x64
		{BB402D5E-DECC-4A56-9187-D7536808CA94}.Release|Mixed Platforms.ActiveCfg = Release|Win32
		{BB402D5E-DECC-4A56-9187-D7536808CA94}.Release|Mixed Platforms.Build.0 = Release|Win32
		{BB402D5E-DECC-4A56-9187-D7536808CA94}.Release|Win32.ActiveCfg = Release|Win32
		{BB402D5E-DECC-4A56-9187-D7536808CA94}.Release|Win32.Build.0 = Release|Win32
		{BB402D5E-DECC-4A56-9187-D7536808CA94}.Release|x64.ActiveCfg = Release|x64
		{BB402D5E-DECC-4A56-9187-D7536808CA94}.Release64|Mixed Platforms.ActiveCfg = Release64|Win32
		{BB402D5E-DECC-4A56-9187-D7536808CA94}.Release64|Mixed Platforms.Build.0 = Release64|Win32
		{BB402D5E-DECC-4A56-9187-D7536808CA94}.Release64|Win32.ActiveCfg = Release|Win32
		{BB402D5E-DECC-4A56-9187-D7536808CA94}.Release64|Win32.Build.0 = Release|Win32
		{BB402D5E-DECC-4A56-9187-D7536808CA94}.Release64|x64.ActiveCfg = Release64|x64
		{BB402D5E-DECC-4A56-9187-D7536808CA94}.Release64|x64.Build.0 = Release64|x64
		{FB71F354-BB62-413E-829C-A45FFF5DAA34}.Debug|Mixed Platforms.ActiveCfg = Debug|Win32
		{FB71F354-BB62-413E-829C-A45FFF5DAA34}.Debug|Mixed Platforms.Build.0 = Debug|Win32
		{FB71F354-BB62-413E-829C-A45FFF5DAA34}.Debug|Win32.ActiveCfg = Debug|Win32
		{FB71F354-BB62-413E-829C-A45FFF5DAA34}.Debug|Win32.Build.0 = Debug|Win32
		{FB71F354-BB62-413E-829C-A45FFF5DAA34}.Debug|x64.ActiveCfg = Debug|x64
		{FB71F354-BB62-413E-829C-A45FFF5DAA34}.Debug64|Mixed Platforms.ActiveCfg = Debug|Win32
		{FB71F354-BB62-413E-829C-A45FFF5DAA34}.Debug64|Mixed Platforms.Build.0 = Debug|Win32
		{FB71F354-BB62-413E-829C-A45FFF5DAA34}.Debug64|Win32.ActiveCfg = Debug|Win32
		{FB71F354-BB62-413E-829C-A45FFF5DAA34}.Debug64|Win32.Build.0 = Debug|Win32
		{FB71F354-BB62-413E-829C-A45FFF5DAA34}.Debug64|x64.ActiveCfg = Debug64|x64
		{FB71F354-BB62-413E-829C-A45FFF5DAA34}.Debug64|x64.Build.0 = Debug64|x64
		{FB71F354-BB62-413E-829C-A45FFF5DAA34}.Release|Mixed Platforms.ActiveCfg = Release|Win32
		{FB71F354-BB62-413E-829C-A45FFF5DAA34}.Release|Mixed Platforms.Build.0 = Release|Win32
		{FB71F354-BB62-413E-829C-A45FFF5DAA34}.Release|Win32.ActiveCfg = Release|Win32
		{FB71F354-BB62-413E-829C-A45FFF5DAA34}.Release|Win32.Build.0 = Release|Win32
		{FB71F354-BB62-413E-829C-A45FFF5DAA34}.Release|x64.ActiveCfg = Release|x64
		{FB71F354-BB62-413E-829C-A45FFF5DAA34}.Release64|Mixed Platforms.ActiveCfg = Release|Win32
		{FB71F354-BB62-413E-829C-A45FFF5DAA34}.Release64|Mixed Platforms.Build.0 = Release|Win32
		{FB71F354-BB62-413E-829C-A45FFF5DAA34}.Release64|Win32.ActiveCfg = Release|Win32
		{FB71F354-BB62-413E-829C-A45FFF5DAA34}.Release64|Win32.Build.0 = Release|Win32
		{FB71F354-BB62-413E-829C-A45FFF5DAA34}.Release64|x64.ActiveCfg = Release64|x64
		{FB71F354-BB62-413E-829C-A45FFF5DAA34}.Release64|x64.Build.0 = Release64|x64
		{EF52B110-FF72-4524-83B8-AD38FDA90F87}.Debug|Mixed Platforms.ActiveCfg = Debug|Win32
		{EF52B110-FF72-4524-83B8-AD38FDA90F87}.Debug|Mixed Platforms.Build.0 = Debug|Win32
		{EF52B110-FF72-4524-83B8-AD38FDA90F87}.Debug|Win32.ActiveCfg = Debug|Win32
		{EF52B110-FF72-4524-83B8-AD38FDA90F87}.Debug|Win32.Build.0 = Debug|Win32
		{EF52B110-FF72-4524-83B8-AD38FDA90F87}.Debug|x64.ActiveCfg = Debug|x64
		{EF52B110-FF72-4524-83B8-AD38FDA90F87}.Debug64|Mixed Platforms.ActiveCfg = Debug64|Win32
		{EF52B110-FF72-4524-83B8-AD38FDA90F87}.Debug64|Mixed Platforms.Build.0 = Debug64|Win32
		{EF52B110-FF72-4524-83B8-AD38FDA90F87}.Debug64|Win32.ActiveCfg = Debug64|Win32
		{EF52B110-FF72-4524-83B8-AD38FDA90F87}.Debug64|Win32.Build.0 = Debug64|Win32
		{EF52B110-FF72-4524-83B8-AD38FDA90F87}.Debug64|x64.ActiveCfg = Debug64|x64
		{EF52B110-FF72-4524-83B8-AD38FDA90F87}.Debug64|x64.Build.0 = Debug64|x64
		{EF52B110-FF72-4524-83B8-AD38FDA90F87}.Release|Mixed Platforms.ActiveCfg = Release|Win32
		{EF52B110-FF72-4524-83B8-AD38FDA90F87}.Release|Mixed Platforms.Build.0 = Release|Win32
		{EF52B110-FF72-4524-83B8-AD38FDA90F87}.Release|Win32.ActiveCfg = Release|Win32
		{EF52B110-FF72-4524-83B8-AD38FDA90F87}.Release|Win32.Build.0 = Release|Win32
		{EF52B110-FF72-4524-83B8-AD38FDA90F87}.Release|x64.ActiveCfg = Release|x64
		{EF52B110-FF72-4524-83B8-AD38FDA90F87}.Release64|Mixed Platforms.ActiveCfg = Release64|Win32
		{EF52B110-FF72-4524-83B8-AD38FDA90F87}.Release64|Mixed Platforms.Build.0 = Release64|Win32
		{EF52B110-FF72-4524-83B8-AD38FDA90F87}.Release64|Win32.ActiveCfg = Release64|Win32
		{EF52B110-FF72-4524-83B8-AD38FDA90F87}.Release64|Win32.Build.0 = Release64|Win32
		{EF52B110-FF72-4524-83B8-AD38FDA90F87}.Release64|x64.ActiveCfg = Release64|x64
		{EF52B110-FF72-4524-83B8-AD38FDA90F87}.Release64|x64.Build.0 = Release64|x64
		{AA1E5DA3-20A2-49F5-A27A-CF3C050FBCFC}.Debug|Mixed Platforms.ActiveCfg = Debug|Win32
		{AA1E5DA3-20A2-49F5-A27A-CF3C050FBCFC}.Debug|Mixed Platforms.Build.0 = Debug|Win32
		{AA1E5DA3-20A2-49F5-A27A-CF3C050FBCFC}.Debug|Win32.ActiveCfg = Debug|Win32
		{AA1E5DA3-20A2-49F5-A27A-CF3C050FBCFC}.Debug|Win32.Build.0 = Debug|Win32
		{AA1E5DA3-20A2-49F5-A27A-CF3C050FBCFC}.Debug|x64.ActiveCfg = Debug|x64
		{AA1E5DA3-20A2-49F5-A27A-CF3C050FBCFC}.Debug64|Mixed Platforms.ActiveCfg = Debug|Win32
		{AA1E5DA3-20A2-49F5-A27A-CF3C050FBCFC}.Debug64|Mixed Platforms.Build.0 = Debug|Win32
		{AA1E5DA3-20A2-49F5-A27A-CF3C050FBCFC}.Debug64|Win32.ActiveCfg = Debug|Win32
		{AA1E5DA3-20A2-49F5-A27A-CF3C050FBCFC}.Debug64|Win32.Build.0 = Debug|Win32
		{AA1E5DA3-20A2-49F5-A27A-CF3C050FBCFC}.Debug64|x64.ActiveCfg = Debug64|x64
		{AA1E5DA3-20A2-49F5-A27A-CF3C050FBCFC}.Debug64|x64.Build.0 = Debug64|x64
		{AA1E5DA3-20A2-49F5-A27A-CF3C050FBCFC}.Release|Mixed Platforms.ActiveCfg = Release|Win32
		{AA1E5DA3-20A2-49F5-A27A-CF3C050FBCFC}.Release|Mixed Platforms.Build.0 = Release|Win32
		{AA1E5DA3-20A2-49F5-A27A-CF3C050FBCFC}.Release|Win32.ActiveCfg = Release|Win32
		{AA1E5DA3-20A2-49F5-A27A-CF3C050FBCFC}.Release|Win32.Build.0 = Release|Win32
		{AA1E5DA3-20A2-49F5-A27A-CF3C050FBCFC}.Release|x64.ActiveCfg = Release|x64
		{AA1E5DA3-20A2-49F5-A27A-CF3C050FBCFC}.Release64|Mixed Platforms.ActiveCfg = Release|Win32
		{AA1E5DA3-20A2-49F5-A27A-CF3C050FBCFC}.Release64|Mixed Platforms.Build.0 = Release|Win32
		{AA1E5DA3-20A2-49F5-A27A-CF3C050FBCFC}.Release64|Win32.ActiveCfg = Release64|Win32
		{AA1E5DA3-20A2-49F5-A27A-CF3C050FBCFC}.Release64|Win32.Build.0 = Release64|Win32
		{AA1E5DA3-20A2-49F5-A27A-CF3C050FBCFC}.Release64|x64.ActiveCfg = Release64|x64
		{AA1E5DA3-20A2-49F5-A27A-CF3C050FBCFC}.Release64|x64.Build.0 = Release64|x64
		{25E164FA-06C1-4DA4-9657-48A1A31D5D69}.Debug|Mixed Platforms.ActiveCfg = Debug|Win32
		{25E164FA-06C1-4DA4-9657-48A1A31D5D69}.Debug|Mixed Platforms.Build.0 = Debug|Win32
		{25E164FA-06C1-4DA4-9657-48A1A31D5D69}.Debug|Win32.ActiveCfg = Debug|Win32
		{25E164FA-06C1-4DA4-9657-48A1A31D5D69}.Debug|Win32.Build.0 = Debug|Win32
		{25E164FA-06C1-4DA4-9657-48A1A31D5D69}.Debug|x64.ActiveCfg = Debug|x64
		{25E164FA-06C1-4DA4-9657-48A1A31D5D69}.Debug64|Mixed Platforms.ActiveCfg = Debug64|Win32
		{25E164FA-06C1-4DA4-9657-48A1A31D5D69}.Debug64|Mixed Platforms.Build.0 = Debug64|Win32
		{25E164FA-06C1-4DA4-9657-48A1A31D5D69}.Debug64|Win32.ActiveCfg = Debug64|Win32
		{25E164FA-06C1-4DA4-9657-48A1A31D5D69}.Debug64|Win32.Build.0 = Debug64|Win32
		{25E164FA-06C1-4DA4-9657-48A1A31D5D69}.Debug64|x64.ActiveCfg = Debug64|x64
		{25E164FA-06C1-4DA4-9657-48A1A31D5D69}.Debug64|x64.Build.0 = Debug64|x64
		{25E164FA-06C1-4DA4-9657-48A1A31D5D69}.Release|Mixed Platforms.ActiveCfg = Release|Win32
		{25E164FA-06C1-4DA4-9657-48A1A31D5D69}.Release|Mixed Platforms.Build.0 = Release|Win32
		{25E164FA-06C1-4DA4-9657-48A1A31D5D69}.Release|Win32.ActiveCfg = Release|Win32
		{25E164FA-06C1-4DA4-9657-48A1A31D5D69}.Release|Win32.Build.0 = Release|Win32
		{25E164FA-06C1-4DA4-9657-48A1A31D5D69}.Release|x64.ActiveCfg = Release|x64
		{25E164FA-06C1-4DA4-9657-48A1A31D5D69}.Release64|Mixed Platforms.ActiveCfg = Release64|Win32
		{25E164FA-06C1-4DA4-9657-48A1A31D5D69}.Release64|Mixed Platforms.Build.0 = Release64|Win32
		{25E164FA-06C1-4DA4-9657-48A1A31D5D69}.Release64|Win32.ActiveCfg = Release64|Win32
		{25E164FA-06C1-4DA4-9657-48A1A31D5D69}.Release64|Win32.Build.0 = Release64|Win32
		{25E164FA-06C1-4DA4-9657-48A1A31D5D69}.Release64|x64.ActiveCfg = Release64|x64
		{25E164FA-06C1-4DA4-9657-48A1A31D5D69}.Release64|x64.Build.0 = Release64|x64
		{A88C4575-D641-4089-BD1C-E9CE99443755}.Debug|Mixed Platforms.ActiveCfg = Debug|Win32
		{A88C4575-D641-4089-BD1C-E9CE99443755}.Debug|Mixed Platforms.Build.0 = Debug|Win32
		{A88C4575-D641-4089-BD1C-E9CE99443755}.Debug|Win32.ActiveCfg = Debug|Win32
		{A88C4575-D641-4089-BD1C-E9CE99443755}.Debug|Win32.Build.0 = Debug|Win32
		{A88C4575-D641-4089-BD1C-E9CE99443755}.Debug|x64.ActiveCfg = Debug|x64
		{A88C4575-D641-4089-BD1C-E9CE99443755}.Debug64|Mixed Platforms.ActiveCfg = Debug|Win32
		{A88C4575-D641-4089-BD1C-E9CE99443755}.Debug64|Mixed Platforms.Build.0 = Debug|Win32
		{A88C4575-D641-4089-BD1C-E9CE99443755}.Debug64|Win32.ActiveCfg = Debug|Win32
		{A88C4575-D641-4089-BD1C-E9CE99443755}.Debug64|Win32.Build.0 = Debug|Win32
		{A88C4575-D641-4089-BD1C-E9CE99443755}.Debug64|x64.ActiveCfg = Debug64|x64
		{A88C4575-D641-4089-BD1C-E9CE99443755}.Debug64|x64.Build.0 = Debug64|x64
		{A88C4575-D641-4089-BD1C-E9CE99443755}.Release|Mixed Platforms.ActiveCfg = Release|Win32
		{A88C4575-D641-4089-BD1C-E9CE99443755}.Release|Mixed Platforms.Build.0 = Release|Win32
		{A88C4575-D641-4089-BD1C-E9CE99443755}.Release|Win32.ActiveCfg = Release|Win32
		{A88C4575-D641-4089-BD1C-E9CE99443755}.Release|Win32.Build.0 = Release|Win32
		{A88C4575-D641-4089-BD1C-E9CE99443755}.Release|x64.ActiveCfg = Release|x64
		{A88C4575-D641-4089-BD1C-E9CE99443755}.Release64|Mixed Platforms.ActiveCfg = Release|Win32
		{A88C4575-D641-4089-BD1C-E9CE99443755}.Release64|Mixed Platforms.Build.0 = Release|Win32
		{A88C4575-D641-4089-BD1C-E9CE99443755}.Release64|Win32.ActiveCfg = Release|Win32
		{A88C4575-D641-4089-BD1C-E9CE99443755}.Release64|Win32.Build.0 = Release|Win32
		{A88C4575-D641-4089-BD1C-E9CE99443755}.Release64|x64.ActiveCfg = Release64|x64
		{A88C4575-D641-4089-BD1C-E9CE99443755}.Release64|x64.Build.0 = Release64|x64
		{FD34AD60-F177-4396-A917-E7C4FF81D4BA}.Debug|Mixed Platforms.ActiveCfg = Debug|Win32
		{FD34AD60-F177-4396-A917-E7C4FF81D4BA}.Debug|Mixed Platforms.Build.0 = Debug|Win32
		{FD34AD60-F177-4396-A917-E7C4FF81D4BA}.Debug|Win32.ActiveCfg = Debug|Win32
		{FD34AD60-F177-4396-A917-E7C4FF81D4BA}.Debug|Win32.Build.0 = Debug|Win32
		{FD34AD60-F177-4396-A917-E7C4FF81D4BA}.Debug|x64.ActiveCfg = Debug|x64
		{FD34AD60-F177-4396-A917-E7C4FF81D4BA}.Debug|x64.Build.0 = Debug|x64
		{FD34AD60-F177-4396-A917-E7C4FF81D4BA}.Debug64|Mixed Platforms.ActiveCfg = Debug64|Win32
		{FD34AD60-F177-4396-A917-E7C4FF81D4BA}.Debug64|Mixed Platforms.Build.0 = Debug64|Win32
		{FD34AD60-F177-4396-A917-E7C4FF81D4BA}.Debug64|Win32.ActiveCfg = Debug64|Win32
		{FD34AD60-F177-4396-A917-E7C4FF81D4BA}.Debug64|Win32.Build.0 = Debug64|Win32
		{FD34AD60-F177-4396-A917-E7C4FF81D4BA}.Debug64|x64.ActiveCfg = Debug64|x64
		{FD34AD60-F177-4396-A917-E7C4FF81D4BA}.Debug64|x64.Build.0 = Debug64|x64
		{FD34AD60-F177-4396-A917-E7C4FF81D4BA}.Release|Mixed Platforms.ActiveCfg = Release|Win32
		{FD34AD60-F177-4396-A917-E7C4FF81D4BA}.Release|Mixed Platforms.Build.0 = Release|Win32
		{FD34AD60-F177-4396-A917-E7C4FF81D4BA}.Release|Win32.ActiveCfg = Release|Win32
		{FD34AD60-F177-4396-A917-E7C4FF81D4BA}.Release|Win32.Build.0 = Release|Win32
		{FD34AD60-F177-4396-A917-E7C4FF81D4BA}.Release|x64.ActiveCfg = Release|x64
		{FD34AD60-F177-4396-A917-E7C4FF81D4BA}.Release|x64.Build.0 = Release|x64
		{FD34AD60-F177-4396-A917-E7C4FF81D4BA}.Release64|Mixed Platforms.ActiveCfg = Release64|Win32
		{FD34AD60-F177-4396-A917-E7C4FF81D4BA}.Release64|Mixed Platforms.Build.0 = Release64|Win32
		{FD34AD60-F177-4396-A917-E7C4FF81D4BA}.Release64|Win32.ActiveCfg = Release64|Win32
		{FD34AD60-F177-4396-A917-E7C4FF81D4BA}.Release64|Win32.Build.0 = Release64|Win32
		{FD34AD60-F177-4396-A917-E7C4FF81D4BA}.Release64|x64.ActiveCfg = Release64|x64
		{FD34AD60-F177-4396-A917-E7C4FF81D4BA}.Release64|x64.Build.0 = Release64|x64
		{FB611738-A485-445A-88BD-9DCB3B94323B}.Debug|Mixed Platforms.ActiveCfg = Debug|Win32
		{FB611738-A485-445A-88BD-9DCB3B94323B}.Debug|Mixed Platforms.Build.0 = Debug|Win32
		{FB611738-A485-445A-88BD-9DCB3B94323B}.Debug|Win32.ActiveCfg = Debug|Win32
		{FB611738-A485-445A-88BD-9DCB3B94323B}.Debug|Win32.Build.0 = Debug|Win32
		{FB611738-A485-445A-88BD-9DCB3B94323B}.Debug|x64.ActiveCfg = Debug|x64
		{FB611738-A485-445A-88BD-9DCB3B94323B}.Debug|x64.Build.0 = Debug|x64
		{FB611738-A485-445A-88BD-9DCB3B94323B}.Debug64|Mixed Platforms.ActiveCfg = Debug64|Win32
		{FB611738-A485-445A-88BD-9DCB3B94323B}.Debug64|Mixed Platforms.Build.0 = Debug64|Win32
		{FB611738-A485-445A-88BD-9DCB3B94323B}.Debug64|Win32.ActiveCfg = Debug64|Win32
		{FB611738-A485-445A-88BD-9DCB3B94323B}.Debug64|Win32.Build.0 = Debug64|Win32
		{FB611738-A485-445A-88BD-9DCB3B94323B}.Debug64|x64.ActiveCfg = Debug64|x64
		{FB611738-A485-445A-88BD-9DCB3B94323B}.Debug64|x64.Build.0 = Debug64|x64
		{FB611738-A485-445A-88BD-9DCB3B94323B}.Release|Mixed Platforms.ActiveCfg = Release|Win32
		{FB611738-A485-445A-88BD-9DCB3B94323B}.Release|Mixed Platforms.Build.0 = Release|Win32
		{FB611738-A485-445A-88BD-9DCB3B94323B}.Release|Win32.ActiveCfg = Release|Win32
		{FB611738-A485-445A-88BD-9DCB3B94323B}.Release|Win32.Build.0 = Release|Win32
		{FB611738-A485-445A-88BD-9DCB3B94323B}.Release|x64.ActiveCfg = Release|x64
		{FB611738-A485-445A-88BD-9DCB3B94323B}.Release|x64.Build.0 = Release|x64
		{FB611738-A485-445A-88BD-9DCB3B94323B}.Release64|Mixed Platforms.ActiveCfg = Release64|Win32
		{FB611738-A485-445A-88BD-9DCB3B94323B}.Release64|Mixed Platforms.Build.0 = Release64|Win32
		{FB611738-A485-445A-88BD-9DCB3B94323B}.Release64|Win32.ActiveCfg = Release64|Win32
		{FB611738-A485-445A-88BD-9DCB3B94323B}.Release64|Win32.Build.0 = Release64|Win32
		{FB611738-A485-445A-88BD-9DCB3B94323B}.Release64|x64.ActiveCfg = Release64|x64
		{FB611738-A485-445A-88BD-9DCB3B94323B}.Release64|x64.Build.0 = Release64|x64
	EndGlobalSection
	GlobalSection(SolutionProperties) = preSolution
		HideSolutionNode = FALSE
	EndGlobalSection
EndGlobal
